
Microsoft Visual Studio Solution File, Format Version 12.00
# Visual Studio 15
VisualStudioVersion = 15.0.27703.2042
MinimumVisualStudioVersion = 10.0.40219.1
Project("{FAE04EC0-301F-11D3-BF4B-00C04F79EFBC}") = "EWork", "EWork\EWork.csproj", "{0074F0DC-82D8-486A-839A-3C8EBFAC34EA}"
EndProject
Project("{FAE04EC0-301F-11D3-BF4B-00C04F79EFBC}") = "PBBankOffice", "PBBankOffice\PBBankOffice.csproj", "{73F1D62C-645A-4B65-A662-F0982E677593}"
EndProject
Project("{FAE04EC0-301F-11D3-BF4B-00C04F79EFBC}") = "FrontEnd", "WebApplication1\FrontEnd.csproj", "{814FEA22-D378-4E17-80B2-1FB98955217E}"
EndProject
Global
	GlobalSection(SolutionConfigurationPlatforms) = preSolution
		Debug|Any CPU = Debug|Any CPU
		Release|Any CPU = Release|Any CPU
	EndGlobalSection
	GlobalSection(ProjectConfigurationPlatforms) = postSolution
		{0074F0DC-82D8-486A-839A-3C8EBFAC34EA}.Debug|Any CPU.ActiveCfg = Debug|Any CPU
		{0074F0DC-82D8-486A-839A-3C8EBFAC34EA}.Debug|Any CPU.Build.0 = Debug|Any CPU
		{0074F0DC-82D8-486A-839A-3C8EBFAC34EA}.Release|Any CPU.ActiveCfg = Release|Any CPU
		{0074F0DC-82D8-486A-839A-3C8EBFAC34EA}.Release|Any CPU.Build.0 = Release|Any CPU
		{73F1D62C-645A-4B65-A662-F0982E677593}.Debug|Any CPU.ActiveCfg = Debug|Any CPU
		{73F1D62C-645A-4B65-A662-F0982E677593}.Debug|Any CPU.Build.0 = Debug|Any CPU
		{73F1D62C-645A-4B65-A662-F0982E677593}.Release|Any CPU.ActiveCfg = Release|Any CPU
		{73F1D62C-645A-4B65-A662-F0982E677593}.Release|Any CPU.Build.0 = Release|Any CPU
		{814FEA22-D378-4E17-80B2-1FB98955217E}.Debug|Any CPU.ActiveCfg = Debug|Any CPU
		{814FEA22-D378-4E17-80B2-1FB98955217E}.Debug|Any CPU.Build.0 = Debug|Any CPU
		{814FEA22-D378-4E17-80B2-1FB98955217E}.Release|Any CPU.ActiveCfg = Release|Any CPU
		{814FEA22-D378-4E17-80B2-1FB98955217E}.Release|Any CPU.Build.0 = Release|Any CPU
	EndGlobalSection
	GlobalSection(SolutionProperties) = preSolution
		HideSolutionNode = FALSE
	EndGlobalSection
	GlobalSection(ExtensibilityGlobals) = postSolution
		SolutionGuid = {97E51888-3D80-4D4C-AE0D-E009910FA861}
	EndGlobalSection
EndGlobal
